// !$*UTF8*$!
{
	archiveVersion = 1;
	classes = {
	};
	objectVersion = 56;
	objects = {

/* Begin PBXBuildFile section */
		4822601C2BAC423A0045D61F /* AppDelegate.swift in Sources */ = {isa = PBXBuildFile; fileRef = 4822601B2BAC423A0045D61F /* AppDelegate.swift */; };
		4822601E2BAC423A0045D61F /* SceneDelegate.swift in Sources */ = {isa = PBXBuildFile; fileRef = 4822601D2BAC423A0045D61F /* SceneDelegate.swift */; };
		482260202BAC423A0045D61F /* ViewController.swift in Sources */ = {isa = PBXBuildFile; fileRef = 4822601F2BAC423A0045D61F /* ViewController.swift */; };
		482260232BAC423A0045D61F /* Base in Resources */ = {isa = PBXBuildFile; fileRef = 482260222BAC423A0045D61F /* Base */; };
		482260252BAC423C0045D61F /* Assets.xcassets in Resources */ = {isa = PBXBuildFile; fileRef = 482260242BAC423C0045D61F /* Assets.xcassets */; };
		482260282BAC423C0045D61F /* Base in Resources */ = {isa = PBXBuildFile; fileRef = 482260272BAC423C0045D61F /* Base */; };
		482260332BAC423C0045D61F /* _st_hw_KimMinjunTests.swift in Sources */ = {isa = PBXBuildFile; fileRef = 482260322BAC423C0045D61F /* _st_hw_KimMinjunTests.swift */; };
		4822603D2BAC423C0045D61F /* _st_hw_KimMinjunUITests.swift in Sources */ = {isa = PBXBuildFile; fileRef = 4822603C2BAC423C0045D61F /* _st_hw_KimMinjunUITests.swift */; };
		4822603F2BAC423C0045D61F /* _st_hw_KimMinjunUITestsLaunchTests.swift in Sources */ = {isa = PBXBuildFile; fileRef = 4822603E2BAC423C0045D61F /* _st_hw_KimMinjunUITestsLaunchTests.swift */; };
/* End PBXBuildFile section */

/* Begin PBXContainerItemProxy section */
		4822602F2BAC423C0045D61F /* PBXContainerItemProxy */ = {
			isa = PBXContainerItemProxy;
			containerPortal = 482260102BAC423A0045D61F /* Project object */;
			proxyType = 1;
			remoteGlobalIDString = 482260172BAC423A0045D61F;
			remoteInfo = 1st_hw_KimMinjun;
		};
		482260392BAC423C0045D61F /* PBXContainerItemProxy */ = {
			isa = PBXContainerItemProxy;
			containerPortal = 482260102BAC423A0045D61F /* Project object */;
			proxyType = 1;
			remoteGlobalIDString = 482260172BAC423A0045D61F;
			remoteInfo = 1st_hw_KimMinjun;
		};
/* End PBXContainerItemProxy section */

/* Begin PBXFileReference section */
		482260182BAC423A0045D61F /* 1st_hw_KimMinjun.app */ = {isa = PBXFileReference; explicitFileType = wrapper.application; includeInIndex = 0; path = 1st_hw_KimMinjun.app; sourceTree = BUILT_PRODUCTS_DIR; };
		4822601B2BAC423A0045D61F /* AppDelegate.swift */ = {isa = PBXFileReference; lastKnownFileType = sourcecode.swift; path = AppDelegate.swift; sourceTree = "<group>"; };
		4822601D2BAC423A0045D61F /* SceneDelegate.swift */ = {isa = PBXFileReference; lastKnownFileType = sourcecode.swift; path = SceneDelegate.swift; sourceTree = "<group>"; };
		4822601F2BAC423A0045D61F /* ViewController.swift */ = {isa = PBXFileReference; lastKnownFileType = sourcecode.swift; path = ViewController.swift; sourceTree = "<group>"; };
		482260222BAC423A0045D61F /* Base */ = {isa = PBXFileReference; lastKnownFileType = file.storyboard; name = Base; path = Base.lproj/Main.storyboard; sourceTree = "<group>"; };
		482260242BAC423C0045D61F /* Assets.xcassets */ = {isa = PBXFileReference; lastKnownFileType = folder.assetcatalog; path = Assets.xcassets; sourceTree = "<group>"; };
		482260272BAC423C0045D61F /* Base */ = {isa = PBXFileReference; lastKnownFileType = file.storyboard; name = Base; path = Base.lproj/LaunchScreen.storyboard; sourceTree = "<group>"; };
		482260292BAC423C0045D61F /* Info.plist */ = {isa = PBXFileReference; lastKnownFileType = text.plist.xml; path = Info.plist; sourceTree = "<group>"; };
		4822602E2BAC423C0045D61F /* 1st_hw_KimMinjunTests.xctest */ = {isa = PBXFileReference; explicitFileType = wrapper.cfbundle; includeInIndex = 0; path = 1st_hw_KimMinjunTests.xctest; sourceTree = BUILT_PRODUCTS_DIR; };
		482260322BAC423C0045D61F /* _st_hw_KimMinjunTests.swift */ = {isa = PBXFileReference; lastKnownFileType = sourcecode.swift; path = _st_hw_KimMinjunTests.swift; sourceTree = "<group>"; };
		482260382BAC423C0045D61F /* 1st_hw_KimMinjunUITests.xctest */ = {isa = PBXFileReference; explicitFileType = wrapper.cfbundle; includeInIndex = 0; path = 1st_hw_KimMinjunUITests.xctest; sourceTree = BUILT_PRODUCTS_DIR; };
		4822603C2BAC423C0045D61F /* _st_hw_KimMinjunUITests.swift */ = {isa = PBXFileReference; lastKnownFileType = sourcecode.swift; path = _st_hw_KimMinjunUITests.swift; sourceTree = "<group>"; };
		4822603E2BAC423C0045D61F /* _st_hw_KimMinjunUITestsLaunchTests.swift */ = {isa = PBXFileReference; lastKnownFileType = sourcecode.swift; path = _st_hw_KimMinjunUITestsLaunchTests.swift; sourceTree = "<group>"; };
/* End PBXFileReference section */

/* Begin PBXFrameworksBuildPhase section */
		482260152BAC423A0045D61F /* Frameworks */ = {
			isa = PBXFrameworksBuildPhase;
			buildActionMask = 2147483647;
			files = (
			);
			runOnlyForDeploymentPostprocessing = 0;
		};
		4822602B2BAC423C0045D61F /* Frameworks */ = {
			isa = PBXFrameworksBuildPhase;
			buildActionMask = 2147483647;
			files = (
			);
			runOnlyForDeploymentPostprocessing = 0;
		};
		482260352BAC423C0045D61F /* Frameworks */ = {
			isa = PBXFrameworksBuildPhase;
			buildActionMask = 2147483647;
			files = (
			);
			runOnlyForDeploymentPostprocessing = 0;
		};
/* End PBXFrameworksBuildPhase section */

/* Begin PBXGroup section */
		4822600F2BAC423A0045D61F = {
			isa = PBXGroup;
			children = (
				4822601A2BAC423A0045D61F /* 1st_hw_KimMinjun */,
				482260312BAC423C0045D61F /* 1st_hw_KimMinjunTests */,
				4822603B2BAC423C0045D61F /* 1st_hw_KimMinjunUITests */,
				482260192BAC423A0045D61F /* Products */,
			);
			sourceTree = "<group>";
		};
		482260192BAC423A0045D61F /* Products */ = {
			isa = PBXGroup;
			children = (
				482260182BAC423A0045D61F /* 1st_hw_KimMinjun.app */,
				4822602E2BAC423C0045D61F /* 1st_hw_KimMinjunTests.xctest */,
				482260382BAC423C0045D61F /* 1st_hw_KimMinjunUITests.xctest */,
			);
			name = Products;
			sourceTree = "<group>";
		};
		4822601A2BAC423A0045D61F /* 1st_hw_KimMinjun */ = {
			isa = PBXGroup;
			children = (
				4822601B2BAC423A0045D61F /* AppDelegate.swift */,
				4822601D2BAC423A0045D61F /* SceneDelegate.swift */,
				4822601F2BAC423A0045D61F /* ViewController.swift */,
				482260212BAC423A0045D61F /* Main.storyboard */,
				482260242BAC423C0045D61F /* Assets.xcassets */,
				482260262BAC423C0045D61F /* LaunchScreen.storyboard */,
				482260292BAC423C0045D61F /* Info.plist */,
			);
			path = 1st_hw_KimMinjun;
			sourceTree = "<group>";
		};
		482260312BAC423C0045D61F /* 1st_hw_KimMinjunTests */ = {
			isa = PBXGroup;
			children = (
				482260322BAC423C0045D61F /* _st_hw_KimMinjunTests.swift */,
			);
			path = 1st_hw_KimMinjunTests;
			sourceTree = "<group>";
		};
		4822603B2BAC423C0045D61F /* 1st_hw_KimMinjunUITests */ = {
			isa = PBXGroup;
			children = (
				4822603C2BAC423C0045D61F /* _st_hw_KimMinjunUITests.swift */,
				4822603E2BAC423C0045D61F /* _st_hw_KimMinjunUITestsLaunchTests.swift */,
			);
			path = 1st_hw_KimMinjunUITests;
			sourceTree = "<group>";
		};
/* End PBXGroup section */

/* Begin PBXNativeTarget section */
		482260172BAC423A0045D61F /* 1st_hw_KimMinjun */ = {
			isa = PBXNativeTarget;
			buildConfigurationList = 482260422BAC423C0045D61F /* Build configuration list for PBXNativeTarget "1st_hw_KimMinjun" */;
			buildPhases = (
				482260142BAC423A0045D61F /* Sources */,
				482260152BAC423A0045D61F /* Frameworks */,
				482260162BAC423A0045D61F /* Resources */,
			);
			buildRules = (
			);
			dependencies = (
			);
			name = 1st_hw_KimMinjun;
			productName = 1st_hw_KimMinjun;
			productReference = 482260182BAC423A0045D61F /* 1st_hw_KimMinjun.app */;
			productType = "com.apple.product-type.application";
		};
		4822602D2BAC423C0045D61F /* 1st_hw_KimMinjunTests */ = {
			isa = PBXNativeTarget;
			buildConfigurationList = 482260452BAC423C0045D61F /* Build configuration list for PBXNativeTarget "1st_hw_KimMinjunTests" */;
			buildPhases = (
				4822602A2BAC423C0045D61F /* Sources */,
				4822602B2BAC423C0045D61F /* Frameworks */,
				4822602C2BAC423C0045D61F /* Resources */,
			);
			buildRules = (
			);
			dependencies = (
				482260302BAC423C0045D61F /* PBXTargetDependency */,
			);
			name = 1st_hw_KimMinjunTests;
			productName = 1st_hw_KimMinjunTests;
			productReference = 4822602E2BAC423C0045D61F /* 1st_hw_KimMinjunTests.xctest */;
			productType = "com.apple.product-type.bundle.unit-test";
		};
		482260372BAC423C0045D61F /* 1st_hw_KimMinjunUITests */ = {
			isa = PBXNativeTarget;
			buildConfigurationList = 482260482BAC423C0045D61F /* Build configuration list for PBXNativeTarget "1st_hw_KimMinjunUITests" */;
			buildPhases = (
				482260342BAC423C0045D61F /* Sources */,
				482260352BAC423C0045D61F /* Frameworks */,
				482260362BAC423C0045D61F /* Resources */,
			);
			buildRules = (
			);
			dependencies = (
				4822603A2BAC423C0045D61F /* PBXTargetDependency */,
			);
			name = 1st_hw_KimMinjunUITests;
			productName = 1st_hw_KimMinjunUITests;
			productReference = 482260382BAC423C0045D61F /* 1st_hw_KimMinjunUITests.xctest */;
			productType = "com.apple.product-type.bundle.ui-testing";
		};
/* End PBXNativeTarget section */

/* Begin PBXProject section */
		482260102BAC423A0045D61F /* Project object */ = {
			isa = PBXProject;
			attributes = {
				BuildIndependentTargetsInParallel = 1;
				LastSwiftUpdateCheck = 1530;
				LastUpgradeCheck = 1530;
				TargetAttributes = {
					482260172BAC423A0045D61F = {
						CreatedOnToolsVersion = 15.3;
					};
					4822602D2BAC423C0045D61F = {
						CreatedOnToolsVersion = 15.3;
						TestTargetID = 482260172BAC423A0045D61F;
					};
					482260372BAC423C0045D61F = {
						CreatedOnToolsVersion = 15.3;
						TestTargetID = 482260172BAC423A0045D61F;
					};
				};
			};
			buildConfigurationList = 482260132BAC423A0045D61F /* Build configuration list for PBXProject "1st_hw_KimMinjun" */;
			compatibilityVersion = "Xcode 14.0";
			developmentRegion = en;
			hasScannedForEncodings = 0;
			knownRegions = (
				en,
				Base,
			);
			mainGroup = 4822600F2BAC423A0045D61F;
			productRefGroup = 482260192BAC423A0045D61F /* Products */;
			projectDirPath = "";
			projectRoot = "";
			targets = (
				482260172BAC423A0045D61F /* 1st_hw_KimMinjun */,
				4822602D2BAC423C0045D61F /* 1st_hw_KimMinjunTests */,
				482260372BAC423C0045D61F /* 1st_hw_KimMinjunUITests */,
			);
		};
/* End PBXProject section */

/* Begin PBXResourcesBuildPhase section */
		482260162BAC423A0045D61F /* Resources */ = {
			isa = PBXResourcesBuildPhase;
			buildActionMask = 2147483647;
			files = (
				482260252BAC423C0045D61F /* Assets.xcassets in Resources */,
				482260282BAC423C0045D61F /* Base in Resources */,
				482260232BAC423A0045D61F /* Base in Resources */,
			);
			runOnlyForDeploymentPostprocessing = 0;
		};
		4822602C2BAC423C0045D61F /* Resources */ = {
			isa = PBXResourcesBuildPhase;
			buildActionMask = 2147483647;
			files = (
			);
			runOnlyForDeploymentPostprocessing = 0;
		};
		482260362BAC423C0045D61F /* Resources */ = {
			isa = PBXResourcesBuildPhase;
			buildActionMask = 2147483647;
			files = (
			);
			runOnlyForDeploymentPostprocessing = 0;
		};
/* End PBXResourcesBuildPhase section */

/* Begin PBXSourcesBuildPhase section */
		482260142BAC423A0045D61F /* Sources */ = {
			isa = PBXSourcesBuildPhase;
			buildActionMask = 2147483647;
			files = (
				482260202BAC423A0045D61F /* ViewController.swift in Sources */,
				4822601C2BAC423A0045D61F /* AppDelegate.swift in Sources */,
				4822601E2BAC423A0045D61F /* SceneDelegate.swift in Sources */,
			);
			runOnlyForDeploymentPostprocessing = 0;
		};
		4822602A2BAC423C0045D61F /* Sources */ = {
			isa = PBXSourcesBuildPhase;
			buildActionMask = 2147483647;
			files = (
				482260332BAC423C0045D61F /* _st_hw_KimMinjunTests.swift in Sources */,
			);
			runOnlyForDeploymentPostprocessing = 0;
		};
		482260342BAC423C0045D61F /* Sources */ = {
			isa = PBXSourcesBuildPhase;
			buildActionMask = 2147483647;
			files = (
				4822603D2BAC423C0045D61F /* _st_hw_KimMinjunUITests.swift in Sources */,
				4822603F2BAC423C0045D61F /* _st_hw_KimMinjunUITestsLaunchTests.swift in Sources */,
			);
			runOnlyForDeploymentPostprocessing = 0;
		};
/* End PBXSourcesBuildPhase section */

/* Begin PBXTargetDependency section */
		482260302BAC423C0045D61F /* PBXTargetDependency */ = {
			isa = PBXTargetDependency;
			target = 482260172BAC423A0045D61F /* 1st_hw_KimMinjun */;
			targetProxy = 4822602F2BAC423C0045D61F /* PBXContainerItemProxy */;
		};
		4822603A2BAC423C0045D61F /* PBXTargetDependency */ = {
			isa = PBXTargetDependency;
			target = 482260172BAC423A0045D61F /* 1st_hw_KimMinjun */;
			targetProxy = 482260392BAC423C0045D61F /* PBXContainerItemProxy */;
		};
/* End PBXTargetDependency section */

/* Begin PBXVariantGroup section */
		482260212BAC423A0045D61F /* Main.storyboard */ = {
			isa = PBXVariantGroup;
			children = (
				482260222BAC423A0045D61F /* Base */,
			);
			name = Main.storyboard;
			sourceTree = "<group>";
		};
		482260262BAC423C0045D61F /* LaunchScreen.storyboard */ = {
			isa = PBXVariantGroup;
			children = (
				482260272BAC423C0045D61F /* Base */,
			);
			name = LaunchScreen.storyboard;
			sourceTree = "<group>";
		};
/* End PBXVariantGroup section */

/* Begin XCBuildConfiguration section */
		482260402BAC423C0045D61F /* Debug */ = {
			isa = XCBuildConfiguration;
			buildSettings = {
				ALWAYS_SEARCH_USER_PATHS = NO;
				ASSETCATALOG_COMPILER_GENERATE_SWIFT_ASSET_SYMBOL_EXTENSIONS = YES;
				CLANG_ANALYZER_NONNULL = YES;
				CLANG_ANALYZER_NUMBER_OBJECT_CONVERSION = YES_AGGRESSIVE;
				CLANG_CXX_LANGUAGE_STANDARD = "gnu++20";
				CLANG_ENABLE_MODULES = YES;
				CLANG_ENABLE_OBJC_ARC = YES;
				CLANG_ENABLE_OBJC_WEAK = YES;
				CLANG_WARN_BLOCK_CAPTURE_AUTORELEASING = YES;
				CLANG_WARN_BOOL_CONVERSION = YES;
				CLANG_WARN_COMMA = YES;
				CLANG_WARN_CONSTANT_CONVERSION = YES;
				CLANG_WARN_DEPRECATED_OBJC_IMPLEMENTATIONS = YES;
				CLANG_WARN_DIRECT_OBJC_ISA_USAGE = YES_ERROR;
				CLANG_WARN_DOCUMENTATION_COMMENTS = YES;
				CLANG_WARN_EMPTY_BODY = YES;
				CLANG_WARN_ENUM_CONVERSION = YES;
				CLANG_WARN_INFINITE_RECURSION = YES;
				CLANG_WARN_INT_CONVERSION = YES;
				CLANG_WARN_NON_LITERAL_NULL_CONVERSION = YES;
				CLANG_WARN_OBJC_IMPLICIT_RETAIN_SELF = YES;
				CLANG_WARN_OBJC_LITERAL_CONVERSION = YES;
				CLANG_WARN_OBJC_ROOT_CLASS = YES_ERROR;
				CLANG_WARN_QUOTED_INCLUDE_IN_FRAMEWORK_HEADER = YES;
				CLANG_WARN_RANGE_LOOP_ANALYSIS = YES;
				CLANG_WARN_STRICT_PROTOTYPES = YES;
				CLANG_WARN_SUSPICIOUS_MOVE = YES;
				CLANG_WARN_UNGUARDED_AVAILABILITY = YES_AGGRESSIVE;
				CLANG_WARN_UNREACHABLE_CODE = YES;
				CLANG_WARN__DUPLICATE_METHOD_MATCH = YES;
				COPY_PHASE_STRIP = NO;
				DEBUG_INFORMATION_FORMAT = dwarf;
				ENABLE_STRICT_OBJC_MSGSEND = YES;
				ENABLE_TESTABILITY = YES;
				ENABLE_USER_SCRIPT_SANDBOXING = YES;
				GCC_C_LANGUAGE_STANDARD = gnu17;
				GCC_DYNAMIC_NO_PIC = NO;
				GCC_NO_COMMON_BLOCKS = YES;
				GCC_OPTIMIZATION_LEVEL = 0;
				GCC_PREPROCESSOR_DEFINITIONS = (
					"DEBUG=1",
					"$(inherited)",
				);
				GCC_WARN_64_TO_32_BIT_CONVERSION = YES;
				GCC_WARN_ABOUT_RETURN_TYPE = YES_ERROR;
				GCC_WARN_UNDECLARED_SELECTOR = YES;
				GCC_WARN_UNINITIALIZED_AUTOS = YES_AGGRESSIVE;
				GCC_WARN_UNUSED_FUNCTION = YES;
				GCC_WARN_UNUSED_VARIABLE = YES;
				IPHONEOS_DEPLOYMENT_TARGET = 17.4;
				LOCALIZATION_PREFERS_STRING_CATALOGS = YES;
				MTL_ENABLE_DEBUG_INFO = INCLUDE_SOURCE;
				MTL_FAST_MATH = YES;
				ONLY_ACTIVE_ARCH = YES;
				SDKROOT = iphoneos;
				SWIFT_ACTIVE_COMPILATION_CONDITIONS = "DEBUG $(inherited)";
				SWIFT_OPTIMIZATION_LEVEL = "-Onone";
			};
			name = Debug;
		};
		482260412BAC423C0045D61F /* Release */ = {
			isa = XCBuildConfiguration;
			buildSettings = {
				ALWAYS_SEARCH_USER_PATHS = NO;
				ASSETCATALOG_COMPILER_GENERATE_SWIFT_ASSET_SYMBOL_EXTENSIONS = YES;
				CLANG_ANALYZER_NONNULL = YES;
				CLANG_ANALYZER_NUMBER_OBJECT_CONVERSION = YES_AGGRESSIVE;
				CLANG_CXX_LANGUAGE_STANDARD = "gnu++20";
				CLANG_ENABLE_MODULES = YES;
				CLANG_ENABLE_OBJC_ARC = YES;
				CLANG_ENABLE_OBJC_WEAK = YES;
				CLANG_WARN_BLOCK_CAPTURE_AUTORELEASING = YES;
				CLANG_WARN_BOOL_CONVERSION = YES;
				CLANG_WARN_COMMA = YES;
				CLANG_WARN_CONSTANT_CONVERSION = YES;
				CLANG_WARN_DEPRECATED_OBJC_IMPLEMENTATIONS = YES;
				CLANG_WARN_DIRECT_OBJC_ISA_USAGE = YES_ERROR;
				CLANG_WARN_DOCUMENTATION_COMMENTS = YES;
				CLANG_WARN_EMPTY_BODY = YES;
				CLANG_WARN_ENUM_CONVERSION = YES;
				CLANG_WARN_INFINITE_RECURSION = YES;
				CLANG_WARN_INT_CONVERSION = YES;
				CLANG_WARN_NON_LITERAL_NULL_CONVERSION = YES;
				CLANG_WARN_OBJC_IMPLICIT_RETAIN_SELF = YES;
				CLANG_WARN_OBJC_LITERAL_CONVERSION = YES;
				CLANG_WARN_OBJC_ROOT_CLASS = YES_ERROR;
				CLANG_WARN_QUOTED_INCLUDE_IN_FRAMEWORK_HEADER = YES;
				CLANG_WARN_RANGE_LOOP_ANALYSIS = YES;
				CLANG_WARN_STRICT_PROTOTYPES = YES;
				CLANG_WARN_SUSPICIOUS_MOVE = YES;
				CLANG_WARN_UNGUARDED_AVAILABILITY = YES_AGGRESSIVE;
				CLANG_WARN_UNREACHABLE_CODE = YES;
				CLANG_WARN__DUPLICATE_METHOD_MATCH = YES;
				COPY_PHASE_STRIP = NO;
				DEBUG_INFORMATION_FORMAT = "dwarf-with-dsym";
				ENABLE_NS_ASSERTIONS = NO;
				ENABLE_STRICT_OBJC_MSGSEND = YES;
				ENABLE_USER_SCRIPT_SANDBOXING = YES;
				GCC_C_LANGUAGE_STANDARD = gnu17;
				GCC_NO_COMMON_BLOCKS = YES;
				GCC_WARN_64_TO_32_BIT_CONVERSION = YES;
				GCC_WARN_ABOUT_RETURN_TYPE = YES_ERROR;
				GCC_WARN_UNDECLARED_SELECTOR = YES;
				GCC_WARN_UNINITIALIZED_AUTOS = YES_AGGRESSIVE;
				GCC_WARN_UNUSED_FUNCTION = YES;
				GCC_WARN_UNUSED_VARIABLE = YES;
				IPHONEOS_DEPLOYMENT_TARGET = 17.4;
				LOCALIZATION_PREFERS_STRING_CATALOGS = YES;
				MTL_ENABLE_DEBUG_INFO = NO;
				MTL_FAST_MATH = YES;
				SDKROOT = iphoneos;
				SWIFT_COMPILATION_MODE = wholemodule;
				VALIDATE_PRODUCT = YES;
			};
			name = Release;
		};
		482260432BAC423C0045D61F /* Debug */ = {
			isa = XCBuildConfiguration;
			buildSettings = {
				ASSETCATALOG_COMPILER_APPICON_NAME = AppIcon;
				ASSETCATALOG_COMPILER_GLOBAL_ACCENT_COLOR_NAME = AccentColor;
				CODE_SIGN_STYLE = Automatic;
				CURRENT_PROJECT_VERSION = 1;
				DEVELOPMENT_TEAM = 55JW9PZ4J9;
				GENERATE_INFOPLIST_FILE = YES;
				INFOPLIST_FILE = 1st_hw_KimMinjun/Info.plist;
				INFOPLIST_KEY_UIApplicationSupportsIndirectInputEvents = YES;
				INFOPLIST_KEY_UILaunchStoryboardName = LaunchScreen;
				INFOPLIST_KEY_UIMainStoryboardFile = Main;
				INFOPLIST_KEY_UISupportedInterfaceOrientations_iPad = "UIInterfaceOrientationPortrait UIInterfaceOrientationPortraitUpsideDown UIInterfaceOrientationLandscapeLeft UIInterfaceOrientationLandscapeRight";
				INFOPLIST_KEY_UISupportedInterfaceOrientations_iPhone = "UIInterfaceOrientationPortrait UIInterfaceOrientationLandscapeLeft UIInterfaceOrientationLandscapeRight";
				LD_RUNPATH_SEARCH_PATHS = (
					"$(inherited)",
					"@executable_path/Frameworks",
				);
				MARKETING_VERSION = 1.0;
				PRODUCT_BUNDLE_IDENTIFIER = "com.yourcompany.-st-hw-KimMinjun";
				PRODUCT_NAME = "$(TARGET_NAME)";
				SWIFT_EMIT_LOC_STRINGS = YES;
				SWIFT_VERSION = 5.0;
				TARGETED_DEVICE_FAMILY = "1,2";
			};
			name = Debug;
		};
		482260442BAC423C0045D61F /* Release */ = {
			isa = XCBuildConfiguration;
			buildSettings = {
				ASSETCATALOG_COMPILER_APPICON_NAME = AppIcon;
				ASSETCATALOG_COMPILER_GLOBAL_ACCENT_COLOR_NAME = AccentColor;
				CODE_SIGN_STYLE = Automatic;
				CURRENT_PROJECT_VERSION = 1;
				DEVELOPMENT_TEAM = 55JW9PZ4J9;
				GENERATE_INFOPLIST_FILE = YES;
				INFOPLIST_FILE = 1st_hw_KimMinjun/Info.plist;
				INFOPLIST_KEY_UIApplicationSupportsIndirectInputEvents = YES;
				INFOPLIST_KEY_UILaunchStoryboardName = LaunchScreen;
				INFOPLIST_KEY_UIMainStoryboardFile = Main;
				INFOPLIST_KEY_UISupportedInterfaceOrientations_iPad = "UIInterfaceOrientationPortrait UIInterfaceOrientationPortraitUpsideDown UIInterfaceOrientationLandscapeLeft UIInterfaceOrientationLandscapeRight";
				INFOPLIST_KEY_UISupportedInterfaceOrientations_iPhone = "UIInterfaceOrientationPortrait UIInterfaceOrientationLandscapeLeft UIInterfaceOrientationLandscapeRight";
				LD_RUNPATH_SEARCH_PATHS = (
					"$(inherited)",
					"@executable_path/Frameworks",
				);
				MARKETING_VERSION = 1.0;
				PRODUCT_BUNDLE_IDENTIFIER = "com.yourcompany.-st-hw-KimMinjun";
				PRODUCT_NAME = "$(TARGET_NAME)";
				SWIFT_EMIT_LOC_STRINGS = YES;
				SWIFT_VERSION = 5.0;
				TARGETED_DEVICE_FAMILY = "1,2";
			};
			name = Release;
		};
		482260462BAC423C0045D61F /* Debug */ = {
			isa = XCBuildConfiguration;
			buildSettings = {
				ALWAYS_EMBED_SWIFT_STANDARD_LIBRARIES = YES;
				BUNDLE_LOADER = "$(TEST_HOST)";
				CODE_SIGN_STYLE = Automatic;
				CURRENT_PROJECT_VERSION = 1;
				DEVELOPMENT_TEAM = 55JW9PZ4J9;
				GENERATE_INFOPLIST_FILE = YES;
				IPHONEOS_DEPLOYMENT_TARGET = 17.4;
				MARKETING_VERSION = 1.0;
				PRODUCT_BUNDLE_IDENTIFIER = "com.yourcompany.-st-hw-KimMinjunTests";
				PRODUCT_NAME = "$(TARGET_NAME)";
				SWIFT_EMIT_LOC_STRINGS = NO;
				SWIFT_VERSION = 5.0;
				TARGETED_DEVICE_FAMILY = "1,2";
				TEST_HOST = "$(BUILT_PRODUCTS_DIR)/1st_hw_KimMinjun.app/$(BUNDLE_EXECUTABLE_FOLDER_PATH)/1st_hw_KimMinjun";
			};
			name = Debug;
		};
		482260472BAC423C0045D61F /* Release */ = {
			isa = XCBuildConfiguration;
			buildSettings = {
				ALWAYS_EMBED_SWIFT_STANDARD_LIBRARIES = YES;
				BUNDLE_LOADER = "$(TEST_HOST)";
				CODE_SIGN_STYLE = Automatic;
				CURRENT_PROJECT_VERSION = 1;
				DEVELOPMENT_TEAM = 55JW9PZ4J9;
				GENERATE_INFOPLIST_FILE = YES;
				IPHONEOS_DEPLOYMENT_TARGET = 17.4;
				MARKETING_VERSION = 1.0;
				PRODUCT_BUNDLE_IDENTIFIER = "com.yourcompany.-st-hw-KimMinjunTests";
				PRODUCT_NAME = "$(TARGET_NAME)";
				SWIFT_EMIT_LOC_STRINGS = NO;
				SWIFT_VERSION = 5.0;
				TARGETED_DEVICE_FAMILY = "1,2";
				TEST_HOST = "$(BUILT_PRODUCTS_DIR)/1st_hw_KimMinjun.app/$(BUNDLE_EXECUTABLE_FOLDER_PATH)/1st_hw_KimMinjun";
			};
			name = Release;
		};
		482260492BAC423C0045D61F /* Debug */ = {
			isa = XCBuildConfiguration;
			buildSettings = {
				ALWAYS_EMBED_SWIFT_STANDARD_LIBRARIES = YES;
				CODE_SIGN_STYLE = Automatic;
				CURRENT_PROJECT_VERSION = 1;
				DEVELOPMENT_TEAM = 55JW9PZ4J9;
				GENERATE_INFOPLIST_FILE = YES;
				MARKETING_VERSION = 1.0;
				PRODUCT_BUNDLE_IDENTIFIER = "com.yourcompany.-st-hw-KimMinjunUITests";
				PRODUCT_NAME = "$(TARGET_NAME)";
				SWIFT_EMIT_LOC_STRINGS = NO;
				SWIFT_VERSION = 5.0;
				TARGETED_DEVICE_FAMILY = "1,2";
				TEST_TARGET_NAME = 1st_hw_KimMinjun;
			};
			name = Debug;
		};
		4822604A2BAC423C0045D61F /* Release */ = {
			isa = XCBuildConfiguration;
			buildSettings = {
				ALWAYS_EMBED_SWIFT_STANDARD_LIBRARIES = YES;
				CODE_SIGN_STYLE = Automatic;
				CURRENT_PROJECT_VERSION = 1;
				DEVELOPMENT_TEAM = 55JW9PZ4J9;
				GENERATE_INFOPLIST_FILE = YES;
				MARKETING_VERSION = 1.0;
				PRODUCT_BUNDLE_IDENTIFIER = "com.yourcompany.-st-hw-KimMinjunUITests";
				PRODUCT_NAME = "$(TARGET_NAME)";
				SWIFT_EMIT_LOC_STRINGS = NO;
				SWIFT_VERSION = 5.0;
				TARGETED_DEVICE_FAMILY = "1,2";
				TEST_TARGET_NAME = 1st_hw_KimMinjun;
			};
			name = Release;
		};
/* End XCBuildConfiguration section */

/* Begin XCConfigurationList section */
		482260132BAC423A0045D61F /* Build configuration list for PBXProject "1st_hw_KimMinjun" */ = {
			isa = XCConfigurationList;
			buildConfigurations = (
				482260402BAC423C0045D61F /* Debug */,
				482260412BAC423C0045D61F /* Release */,
			);
			defaultConfigurationIsVisible = 0;
			defaultConfigurationName = Release;
		};
		482260422BAC423C0045D61F /* Build configuration list for PBXNativeTarget "1st_hw_KimMinjun" */ = {
			isa = XCConfigurationList;
			buildConfigurations = (
				482260432BAC423C0045D61F /* Debug */,
				482260442BAC423C0045D61F /* Release */,
			);
			defaultConfigurationIsVisible = 0;
			defaultConfigurationName = Release;
		};
		482260452BAC423C0045D61F /* Build configuration list for PBXNativeTarget "1st_hw_KimMinjunTests" */ = {
			isa = XCConfigurationList;
			buildConfigurations = (
				482260462BAC423C0045D61F /* Debug */,
				482260472BAC423C0045D61F /* Release */,
			);
			defaultConfigurationIsVisible = 0;
			defaultConfigurationName = Release;
		};
		482260482BAC423C0045D61F /* Build configuration list for PBXNativeTarget "1st_hw_KimMinjunUITests" */ = {
			isa = XCConfigurationList;
			buildConfigurations = (
				482260492BAC423C0045D61F /* Debug */,
				4822604A2BAC423C0045D61F /* Release */,
			);
			defaultConfigurationIsVisible = 0;
			defaultConfigurationName = Release;
		};
/* End XCConfigurationList section */
	};
	rootObject = 482260102BAC423A0045D61F /* Project object */;
}
